
Microsoft Visual Studio Solution File, Format Version 12.00
# Visual Studio Version 16
VisualStudioVersion = 16.0.32228.343
MinimumVisualStudioVersion = 10.0.40219.1
Project("{FAE04EC0-301F-11D3-BF4B-00C04F79EFBC}") = "GenericAssignment1", "GenericAssignment1\GenericAssignment1.csproj", "{27FCC996-0569-4D97-A8EC-E4564E2A52B2}"
EndProject
Global
	GlobalSection(SolutionConfigurationPlatforms) = preSolution
		Debug|Any CPU = Debug|Any CPU
		Release|Any CPU = Release|Any CPU
	EndGlobalSection
	GlobalSection(ProjectConfigurationPlatforms) = postSolution
		{27FCC996-0569-4D97-A8EC-E4564E2A52B2}.Debug|Any CPU.ActiveCfg = Debug|Any CPU
		{27FCC996-0569-4D97-A8EC-E4564E2A52B2}.Debug|Any CPU.Build.0 = Debug|Any CPU
		{27FCC996-0569-4D97-A8EC-E4564E2A52B2}.Release|Any CPU.ActiveCfg = Release|Any CPU
		{27FCC996-0569-4D97-A8EC-E4564E2A52B2}.Release|Any CPU.Build.0 = Release|Any CPU
	EndGlobalSection
	GlobalSection(SolutionProperties) = preSolution
		HideSolutionNode = FALSE
	EndGlobalSection
	GlobalSection(ExtensibilityGlobals) = postSolution
		SolutionGuid = {91568C63-BC01-4B76-9621-9E4FEF61FC93}
	EndGlobalSection
EndGlobal
